
Microsoft Visual Studio Solution File, Format Version 12.00
# Visual Studio 14
VisualStudioVersion = 14.0.24720.0
MinimumVisualStudioVersion = 10.0.40219.1
Project("{FAE04EC0-301F-11D3-BF4B-00C04F79EFBC}") = "FilaDinamica", "FilaDinamica\FilaDinamica.csproj", "{EEDB1317-7358-4BCB-ABE0-753FC41CC99B}"
EndProject
Global
	GlobalSection(SolutionConfigurationPlatforms) = preSolution
		Debug|Any CPU = Debug|Any CPU
		Release|Any CPU = Release|Any CPU
	EndGlobalSection
	GlobalSection(ProjectConfigurationPlatforms) = postSolution
		{EEDB1317-7358-4BCB-ABE0-753FC41CC99B}.Debug|Any CPU.ActiveCfg = Debug|Any CPU
		{EEDB1317-7358-4BCB-ABE0-753FC41CC99B}.Debug|Any CPU.Build.0 = Debug|Any CPU
		{EEDB1317-7358-4BCB-ABE0-753FC41CC99B}.Release|Any CPU.ActiveCfg = Release|Any CPU
		{EEDB1317-7358-4BCB-ABE0-753FC41CC99B}.Release|Any CPU.Build.0 = Release|Any CPU
	EndGlobalSection
	GlobalSection(SolutionProperties) = preSolution
		HideSolutionNode = FALSE
	EndGlobalSection
EndGlobal
